
Microsoft Visual Studio Solution File, Format Version 12.00
# Visual Studio 15
VisualStudioVersion = 15.0.28010.2016
MinimumVisualStudioVersion = 10.0.40219.1
Project("{FAE04EC0-301F-11D3-BF4B-00C04F79EFBC}") = "ZH2", "ZH2\ZH2.csproj", "{7CAC1A65-F0FE-4535-8632-F69F15F1F0E1}"
EndProject
Global
	GlobalSection(SolutionConfigurationPlatforms) = preSolution
		Debug|Any CPU = Debug|Any CPU
		Release|Any CPU = Release|Any CPU
	EndGlobalSection
	GlobalSection(ProjectConfigurationPlatforms) = postSolution
		{7CAC1A65-F0FE-4535-8632-F69F15F1F0E1}.Debug|Any CPU.ActiveCfg = Debug|Any CPU
		{7CAC1A65-F0FE-4535-8632-F69F15F1F0E1}.Debug|Any CPU.Build.0 = Debug|Any CPU
		{7CAC1A65-F0FE-4535-8632-F69F15F1F0E1}.Release|Any CPU.ActiveCfg = Release|Any CPU
		{7CAC1A65-F0FE-4535-8632-F69F15F1F0E1}.Release|Any CPU.Build.0 = Release|Any CPU
	EndGlobalSection
	GlobalSection(SolutionProperties) = preSolution
		HideSolutionNode = FALSE
	EndGlobalSection
	GlobalSection(ExtensibilityGlobals) = postSolution
		SolutionGuid = {17026052-A781-448D-9F11-A914B74A2C07}
	EndGlobalSection
EndGlobal
